
Microsoft Visual Studio Solution File, Format Version 12.00
# Visual Studio Version 17
VisualStudioVersion = 17.3.32929.385
MinimumVisualStudioVersion = 10.0.40219.1
Project("{FAE04EC0-301F-11D3-BF4B-00C04F79EFBC}") = "LuyenDe08", "LuyenDe08.csproj", "{73ADC7BD-8C2E-4E6C-BC47-05C2F39535D7}"
EndProject
Global
	GlobalSection(SolutionConfigurationPlatforms) = preSolution
		Debug|Any CPU = Debug|Any CPU
		Release|Any CPU = Release|Any CPU
	EndGlobalSection
	GlobalSection(ProjectConfigurationPlatforms) = postSolution
		{73ADC7BD-8C2E-4E6C-BC47-05C2F39535D7}.Debug|Any CPU.ActiveCfg = Debug|Any CPU
		{73ADC7BD-8C2E-4E6C-BC47-05C2F39535D7}.Debug|Any CPU.Build.0 = Debug|Any CPU
		{73ADC7BD-8C2E-4E6C-BC47-05C2F39535D7}.Release|Any CPU.ActiveCfg = Release|Any CPU
		{73ADC7BD-8C2E-4E6C-BC47-05C2F39535D7}.Release|Any CPU.Build.0 = Release|Any CPU
	EndGlobalSection
	GlobalSection(SolutionProperties) = preSolution
		HideSolutionNode = FALSE
	EndGlobalSection
	GlobalSection(ExtensibilityGlobals) = postSolution
		SolutionGuid = {E61484F3-7401-4B30-A2DA-318CD14D6429}
	EndGlobalSection
EndGlobal
