
Microsoft Visual Studio Solution File, Format Version 12.00
# Visual Studio Version 16
VisualStudioVersion = 16.0.34114.132
MinimumVisualStudioVersion = 10.0.40219.1
Project("{FAE04EC0-301F-11D3-BF4B-00C04F79EFBC}") = "De_08", "De_08\De_08.csproj", "{7A943D61-226E-46DB-855B-B9A523644639}"
EndProject
Global
	GlobalSection(SolutionConfigurationPlatforms) = preSolution
		Debug|Any CPU = Debug|Any CPU
		Release|Any CPU = Release|Any CPU
	EndGlobalSection
	GlobalSection(ProjectConfigurationPlatforms) = postSolution
		{7A943D61-226E-46DB-855B-B9A523644639}.Debug|Any CPU.ActiveCfg = Debug|Any CPU
		{7A943D61-226E-46DB-855B-B9A523644639}.Debug|Any CPU.Build.0 = Debug|Any CPU
		{7A943D61-226E-46DB-855B-B9A523644639}.Release|Any CPU.ActiveCfg = Release|Any CPU
		{7A943D61-226E-46DB-855B-B9A523644639}.Release|Any CPU.Build.0 = Release|Any CPU
	EndGlobalSection
	GlobalSection(SolutionProperties) = preSolution
		HideSolutionNode = FALSE
	EndGlobalSection
	GlobalSection(ExtensibilityGlobals) = postSolution
		SolutionGuid = {9D918AC3-0098-43B1-A27A-CC5F24746734}
	EndGlobalSection
EndGlobal
